
Microsoft Visual Studio Solution File, Format Version 12.00
Project("{FAE04EC0-301F-11D3-BF4B-00C04F79EFBC}") = "AdvancedDevSample", "AdvancedDevSample\AdvancedDevSample.csproj", "{30CD155E-1FD2-4D68-9456-7DE147A64E93}"
EndProject
Project("{FAE04EC0-301F-11D3-BF4B-00C04F79EFBC}") = "AdvancedDevSample.Domain", "AdvancedDevSample.Domain\AdvancedDevSample.Domain.csproj", "{D5190CF6-B246-4532-9853-8E6FE67E25AF}"
EndProject
Project("{FAE04EC0-301F-11D3-BF4B-00C04F79EFBC}") = "AdvancedDevSample.Application", "AdvancedDevSample.Application\AdvancedDevSample.Application.csproj", "{5B94F920-7743-4E27-BE96-E88AE68CE954}"
	ProjectSection(ProjectDependencies) = postProject
		{D5190CF6-B246-4532-9853-8E6FE67E25AF} = {D5190CF6-B246-4532-9853-8E6FE67E25AF}
	EndProjectSection
EndProject
Project("{FAE04EC0-301F-11D3-BF4B-00C04F79EFBC}") = "AdvancedDevSample.Infrastructure", "AdvancedDevSample.Infrastructure\AdvancedDevSample.Infrastructure.csproj", "{A9741373-6057-4137-BDB3-C775572C1355}"
	ProjectSection(ProjectDependencies) = postProject
		{D5190CF6-B246-4532-9853-8E6FE67E25AF} = {D5190CF6-B246-4532-9853-8E6FE67E25AF}
	EndProjectSection
EndProject
Project("{FAE04EC0-301F-11D3-BF4B-00C04F79EFBC}") = "AdvancedDevSample.API", "AdvancedDevSample.API\AdvancedDevSample.API.csproj", "{310AE912-4E31-452B-870F-CB23A1D64F38}"
	ProjectSection(ProjectDependencies) = postProject
		{5B94F920-7743-4E27-BE96-E88AE68CE954} = {5B94F920-7743-4E27-BE96-E88AE68CE954}
	EndProjectSection
EndProject
Project("{FAE04EC0-301F-11D3-BF4B-00C04F79EFBC}") = "AdvancedDevSample.Test", "AdvancedDevSample.Test\AdvancedDevSample.Test.csproj", "{F5C18F67-F76E-430B-9264-E15E96787A67}"
	ProjectSection(ProjectDependencies) = postProject
		{5B94F920-7743-4E27-BE96-E88AE68CE954} = {5B94F920-7743-4E27-BE96-E88AE68CE954}
		{D5190CF6-B246-4532-9853-8E6FE67E25AF} = {D5190CF6-B246-4532-9853-8E6FE67E25AF}
	EndProjectSection
EndProject
Global
	GlobalSection(SolutionConfigurationPlatforms) = preSolution
		Debug|Any CPU = Debug|Any CPU
		Release|Any CPU = Release|Any CPU
	EndGlobalSection
	GlobalSection(ProjectConfigurationPlatforms) = postSolution
		{30CD155E-1FD2-4D68-9456-7DE147A64E93}.Debug|Any CPU.ActiveCfg = Debug|Any CPU
		{30CD155E-1FD2-4D68-9456-7DE147A64E93}.Debug|Any CPU.Build.0 = Debug|Any CPU
		{30CD155E-1FD2-4D68-9456-7DE147A64E93}.Release|Any CPU.ActiveCfg = Release|Any CPU
		{30CD155E-1FD2-4D68-9456-7DE147A64E93}.Release|Any CPU.Build.0 = Release|Any CPU
		{D5190CF6-B246-4532-9853-8E6FE67E25AF}.Debug|Any CPU.ActiveCfg = Debug|Any CPU
		{D5190CF6-B246-4532-9853-8E6FE67E25AF}.Debug|Any CPU.Build.0 = Debug|Any CPU
		{D5190CF6-B246-4532-9853-8E6FE67E25AF}.Release|Any CPU.ActiveCfg = Release|Any CPU
		{D5190CF6-B246-4532-9853-8E6FE67E25AF}.Release|Any CPU.Build.0 = Release|Any CPU
		{5B94F920-7743-4E27-BE96-E88AE68CE954}.Debug|Any CPU.ActiveCfg = Debug|Any CPU
		{5B94F920-7743-4E27-BE96-E88AE68CE954}.Debug|Any CPU.Build.0 = Debug|Any CPU
		{5B94F920-7743-4E27-BE96-E88AE68CE954}.Release|Any CPU.ActiveCfg = Release|Any CPU
		{5B94F920-7743-4E27-BE96-E88AE68CE954}.Release|Any CPU.Build.0 = Release|Any CPU
		{A9741373-6057-4137-BDB3-C775572C1355}.Debug|Any CPU.ActiveCfg = Debug|Any CPU
		{A9741373-6057-4137-BDB3-C775572C1355}.Debug|Any CPU.Build.0 = Debug|Any CPU
		{A9741373-6057-4137-BDB3-C775572C1355}.Release|Any CPU.ActiveCfg = Release|Any CPU
		{A9741373-6057-4137-BDB3-C775572C1355}.Release|Any CPU.Build.0 = Release|Any CPU
		{310AE912-4E31-452B-870F-CB23A1D64F38}.Debug|Any CPU.ActiveCfg = Debug|Any CPU
		{310AE912-4E31-452B-870F-CB23A1D64F38}.Debug|Any CPU.Build.0 = Debug|Any CPU
		{310AE912-4E31-452B-870F-CB23A1D64F38}.Release|Any CPU.ActiveCfg = Release|Any CPU
		{310AE912-4E31-452B-870F-CB23A1D64F38}.Release|Any CPU.Build.0 = Release|Any CPU
		{F5C18F67-F76E-430B-9264-E15E96787A67}.Debug|Any CPU.ActiveCfg = Debug|Any CPU
		{F5C18F67-F76E-430B-9264-E15E96787A67}.Debug|Any CPU.Build.0 = Debug|Any CPU
		{F5C18F67-F76E-430B-9264-E15E96787A67}.Release|Any CPU.ActiveCfg = Release|Any CPU
		{F5C18F67-F76E-430B-9264-E15E96787A67}.Release|Any CPU.Build.0 = Release|Any CPU
	EndGlobalSection
EndGlobal
